github.com/klochkov1/security_labs_2020/uaalpha v0.0.0-20201122195327-021bdd8f9075 h1:3eTt8h9b6mAql24yvK0IcNqomqr8lWonLU1KsXamiek=
github.com/klochkov1/security_labs_2020/uaalpha v0.0.0-20201122195327-021bdd8f9075/go.mod h1:hn00L+e98mb/XWnPc6gFRXqVuBgdAJbWBLZ4g4Mpa7I=
github.com/wayneashleyberry/terminal-dimensions v1.0.0 h1:LawtS1nqKjAfqrmKOzkcrDLAjSzh38lEhC401JPjQVA=
github.com/wayneashleyberry/terminal-dimensions v1.0.0/go.mod h1:PW2XrtV6KmKOPhuf7wbtcmw1/IFnC39mryRET2XbxeE=
